{
  "originHash" : "6e1253d9b9e61e0bd3a984f7a8bf0f929cc5e69d75dc136422f33be2744a6011",
  "pins" : [
    {
      "identity" : "xestitools",
      "kind" : "remoteSourceControl",
      "location" : "https://github.com/eBardX/XestiTools.git",
      "state" : {
        "revision" : "35a4c43dde224aadcadad66dac7a35104537694d",
        "version" : "10.0.0"
      }
    }
  ],
  "version" : 3
}
