{
  "originHash" : "3551f3272e7426c961dcfd18dd69cabdc8857bc2be58d9938a44e0fe9d0d4beb",
  "pins" : [
    {
      "identity" : "xestitools",
      "kind" : "remoteSourceControl",
      "location" : "https://github.com/eBardX/XestiTools.git",
      "state" : {
        "revision" : "05991497b8c7cb5ccfd4c9440c5b8548f6989ab3",
        "version" : "9.1.0"
      }
    }
  ],
  "version" : 3
}
